
Microsoft Visual Studio Solution File, Format Version 12.00
# Visual Studio Version 17
VisualStudioVersion = 17.2.32526.322
MinimumVisualStudioVersion = 10.0.40219.1
Project("{FAE04EC0-301F-11D3-BF4B-00C04F79EFBC}") = "ConsoleApp3", "ConsoleApp3.csproj", "{C4F647CD-A453-4EB1-B07A-A0041D6E9513}"
EndProject
Global
	GlobalSection(SolutionConfigurationPlatforms) = preSolution
		Debug|Any CPU = Debug|Any CPU
		Release|Any CPU = Release|Any CPU
	EndGlobalSection
	GlobalSection(ProjectConfigurationPlatforms) = postSolution
		{C4F647CD-A453-4EB1-B07A-A0041D6E9513}.Debug|Any CPU.ActiveCfg = Debug|Any CPU
		{C4F647CD-A453-4EB1-B07A-A0041D6E9513}.Debug|Any CPU.Build.0 = Debug|Any CPU
		{C4F647CD-A453-4EB1-B07A-A0041D6E9513}.Release|Any CPU.ActiveCfg = Release|Any CPU
		{C4F647CD-A453-4EB1-B07A-A0041D6E9513}.Release|Any CPU.Build.0 = Release|Any CPU
	EndGlobalSection
	GlobalSection(SolutionProperties) = preSolution
		HideSolutionNode = FALSE
	EndGlobalSection
	GlobalSection(ExtensibilityGlobals) = postSolution
		SolutionGuid = {7DBF485D-E14C-4DD6-B9CD-82A935BA04D4}
	EndGlobalSection
EndGlobal
